
Microsoft Visual Studio Solution File, Format Version 12.00
# Visual Studio Version 16
VisualStudioVersion = 16.0.31424.327
MinimumVisualStudioVersion = 10.0.40219.1
Project("{FAE04EC0-301F-11D3-BF4B-00C04F79EFBC}") = "SeleniumPractice", "SeleniumPractice\SeleniumPractice.csproj", "{C1B5B1A2-EF4B-4B31-82EC-82DE88068A7A}"
EndProject
Global
	GlobalSection(SolutionConfigurationPlatforms) = preSolution
		Debug|Any CPU = Debug|Any CPU
		Release|Any CPU = Release|Any CPU
	EndGlobalSection
	GlobalSection(ProjectConfigurationPlatforms) = postSolution
		{C1B5B1A2-EF4B-4B31-82EC-82DE88068A7A}.Debug|Any CPU.ActiveCfg = Debug|Any CPU
		{C1B5B1A2-EF4B-4B31-82EC-82DE88068A7A}.Debug|Any CPU.Build.0 = Debug|Any CPU
		{C1B5B1A2-EF4B-4B31-82EC-82DE88068A7A}.Release|Any CPU.ActiveCfg = Release|Any CPU
		{C1B5B1A2-EF4B-4B31-82EC-82DE88068A7A}.Release|Any CPU.Build.0 = Release|Any CPU
	EndGlobalSection
	GlobalSection(SolutionProperties) = preSolution
		HideSolutionNode = FALSE
	EndGlobalSection
	GlobalSection(ExtensibilityGlobals) = postSolution
		SolutionGuid = {359C6139-D22E-490B-9CA3-4978CA995419}
	EndGlobalSection
EndGlobal
